github.com/iswai/devops v0.0.0-20191103214348-e8be3e82e876 h1:YQtBsuSlliliuKw/AXge7zJwEUvtD2XgdkpMgQAGbEc=
github.com/iswai/devops v0.0.0-20191103214348-e8be3e82e876/go.mod h1:oYUWSSCmOvAa4+YAi4YibVE+YimrPFXrEBbyhRXCbtc=
github.com/iswai/docs-sdk v0.0.0-20191103214402-688d327d67fc h1:OVwgm5H4JtwxuPEEZbpscbZOzFZd4TUgsDfHp101UPA=
github.com/iswai/docs-sdk v0.0.0-20191103214402-688d327d67fc/go.mod h1:JWAg1VPqpAAgjgMy/sJEkTkq4hkDniFnn8RYgY9MSdM=
